PODS:
  - FruitBasket (1.0.5):
    - SwiftDate (~> 6.0)
  - SwiftDate (6.2.0)

DEPENDENCIES:
  - FruitBasket (~> 1.0)

SPEC REPOS:
  trunk:
    - FruitBasket
    - SwiftDate

SPEC CHECKSUMS:
  FruitBasket: e94ce7769297acf918626ba0b983972f5e306c4b
  SwiftDate: d117c3eb6beed72e47d3f4d1e3bc63fa1e66d7c3

PODFILE CHECKSUM: ccd0bb0c73104761a7d26752caf4d03ce901be52

COCOAPODS: 1.10.0.rc.1
